
Microsoft Visual Studio Solution File, Format Version 12.00
# Visual Studio Version 17
VisualStudioVersion = 17.0.31903.59
MinimumVisualStudioVersion = 10.0.40219.1
Project("{2150E333-8FDC-42A3-9474-1A3956D46DE8}") = "src", "src", "{827E0CD3-B72D-47B6-A68D-7590B98EB39B}"
EndProject
Project("{2150E333-8FDC-42A3-9474-1A3956D46DE8}") = "1.Core", "1.Core", "{603DB080-B2F3-179A-9D8D-4EAC9A4BF7F9}"
EndProject
Project("{FAE04EC0-301F-11D3-BF4B-00C04F79EFBC}") = "AlgoTrading.Core", "src\1.Core\AlgoTrading.Core\AlgoTrading.Core.csproj", "{0C0B8219-A426-4735-9A17-5B57A20B1605}"
EndProject
Project("{2150E333-8FDC-42A3-9474-1A3956D46DE8}") = "2.Application", "2.Application", "{9CBA830D-B4CD-1920-FCFC-987D33BFAE30}"
EndProject
Project("{FAE04EC0-301F-11D3-BF4B-00C04F79EFBC}") = "AlgoTrading.Application", "src\2.Application\AlgoTrading.Application\AlgoTrading.Application.csproj", "{2ECAE046-7DF5-4C3A-8FE7-B1D0E01739CB}"
EndProject
Project("{2150E333-8FDC-42A3-9474-1A3956D46DE8}") = "3.Infrastructure", "3.Infrastructure", "{F8D0DC9F-10E3-AF4F-AACB-95D6F5E207A8}"
EndProject
Project("{FAE04EC0-301F-11D3-BF4B-00C04F79EFBC}") = "AlgoTrading.Infrastructure", "src\3.Infrastructure\AlgoTrading.Infrastructure\AlgoTrading.Infrastructure.csproj", "{FA43F36E-FBFA-4C65-8876-6EF3160B8A74}"
EndProject
Project("{2150E333-8FDC-42A3-9474-1A3956D46DE8}") = "5.Shared", "5.Shared", "{CC006198-2291-814D-1EF7-86C455B4259B}"
EndProject
Project("{FAE04EC0-301F-11D3-BF4B-00C04F79EFBC}") = "AlgoTrading.Shared", "src\5.Shared\AlgoTrading.Shared\AlgoTrading.Shared.csproj", "{A9DBD999-6187-4E2A-BE93-B0B0E25C24B6}"
EndProject
Project("{2150E333-8FDC-42A3-9474-1A3956D46DE8}") = "tests", "tests", "{0AB3BF05-4346-4AA6-1389-037BE0695223}"
EndProject
Project("{FAE04EC0-301F-11D3-BF4B-00C04F79EFBC}") = "AlgoTrading.UnitTests", "tests\AlgoTrading.UnitTests\AlgoTrading.UnitTests.csproj", "{14E9B2E9-89A5-423A-81DD-30DD046BFE2A}"
EndProject
Project("{2150E333-8FDC-42A3-9474-1A3956D46DE8}") = "4.Presentation", "4.Presentation", "{598DF63A-868C-BD9B-C772-820E05499F40}"
EndProject
Project("{FAE04EC0-301F-11D3-BF4B-00C04F79EFBC}") = "AlgoTrading.Desktop", "src\4.Presentation\AlgoTrading.Desktop\AlgoTrading.Desktop.csproj", "{FBB34A01-1DC9-4F9F-BBE6-BF69DFB13EA3}"
EndProject
Project("{FAE04EC0-301F-11D3-BF4B-00C04F79EFBC}") = "AlgoTrading.Web", "src\4.Presentation\AlgoTrading.Web\AlgoTrading.Web.csproj", "{B91DE4BE-D7F3-437B-980C-12C9F5026E0C}"
EndProject
Project("{FAE04EC0-301F-11D3-BF4B-00C04F79EFBC}") = "AlgoTrading.API", "src\4.Presentation\AlgoTrading.API\AlgoTrading.API.csproj", "{28BE64FD-A870-464A-B27B-142B54EB860A}"
EndProject
Project("{FAE04EC0-301F-11D3-BF4B-00C04F79EFBC}") = "AlgoTrading.IntegrationTests", "tests\AlgoTrading.IntegrationTests\AlgoTrading.IntegrationTests.csproj", "{4E3EF9C4-8F28-4746-9044-DE38D64A6FA2}"
EndProject
Project("{FAE04EC0-301F-11D3-BF4B-00C04F79EFBC}") = "AlgoTrading.TechnicalIndicators", "src\1.Core\AlgoTrading.TechnicalIndicators\AlgoTrading.TechnicalIndicators.csproj", "{DE8FECC9-3ED8-4468-B871-BF25E83B7618}"
EndProject
Project("{FAE04EC0-301F-11D3-BF4B-00C04F79EFBC}") = "AlgoTrading.TechnicalIndicators.Tests", "tests\AlgoTrading.TechnicalIndicators.Tests\AlgoTrading.TechnicalIndicators.Tests.csproj", "{67228378-DD9C-4946-972C-8B96E7EAF258}"
EndProject
Global
	GlobalSection(SolutionConfigurationPlatforms) = preSolution
		Debug|Any CPU = Debug|Any CPU
		Debug|x64 = Debug|x64
		Debug|x86 = Debug|x86
		Release|Any CPU = Release|Any CPU
		Release|x64 = Release|x64
		Release|x86 = Release|x86
	EndGlobalSection
	GlobalSection(ProjectConfigurationPlatforms) = postSolution
		{0C0B8219-A426-4735-9A17-5B57A20B1605}.Debug|Any CPU.ActiveCfg = Debug|Any CPU
		{0C0B8219-A426-4735-9A17-5B57A20B1605}.Debug|Any CPU.Build.0 = Debug|Any CPU
		{0C0B8219-A426-4735-9A17-5B57A20B1605}.Debug|x64.ActiveCfg = Debug|Any CPU
		{0C0B8219-A426-4735-9A17-5B57A20B1605}.Debug|x64.Build.0 = Debug|Any CPU
		{0C0B8219-A426-4735-9A17-5B57A20B1605}.Debug|x86.ActiveCfg = Debug|Any CPU
		{0C0B8219-A426-4735-9A17-5B57A20B1605}.Debug|x86.Build.0 = Debug|Any CPU
		{0C0B8219-A426-4735-9A17-5B57A20B1605}.Release|Any CPU.ActiveCfg = Release|Any CPU
		{0C0B8219-A426-4735-9A17-5B57A20B1605}.Release|Any CPU.Build.0 = Release|Any CPU
		{0C0B8219-A426-4735-9A17-5B57A20B1605}.Release|x64.ActiveCfg = Release|Any CPU
		{0C0B8219-A426-4735-9A17-5B57A20B1605}.Release|x64.Build.0 = Release|Any CPU
		{0C0B8219-A426-4735-9A17-5B57A20B1605}.Release|x86.ActiveCfg = Release|Any CPU
		{0C0B8219-A426-4735-9A17-5B57A20B1605}.Release|x86.Build.0 = Release|Any CPU
		{2ECAE046-7DF5-4C3A-8FE7-B1D0E01739CB}.Debug|Any CPU.ActiveCfg = Debug|Any CPU
		{2ECAE046-7DF5-4C3A-8FE7-B1D0E01739CB}.Debug|Any CPU.Build.0 = Debug|Any CPU
		{2ECAE046-7DF5-4C3A-8FE7-B1D0E01739CB}.Debug|x64.ActiveCfg = Debug|Any CPU
		{2ECAE046-7DF5-4C3A-8FE7-B1D0E01739CB}.Debug|x64.Build.0 = Debug|Any CPU
		{2ECAE046-7DF5-4C3A-8FE7-B1D0E01739CB}.Debug|x86.ActiveCfg = Debug|Any CPU
		{2ECAE046-7DF5-4C3A-8FE7-B1D0E01739CB}.Debug|x86.Build.0 = Debug|Any CPU
		{2ECAE046-7DF5-4C3A-8FE7-B1D0E01739CB}.Release|Any CPU.ActiveCfg = Release|Any CPU
		{2ECAE046-7DF5-4C3A-8FE7-B1D0E01739CB}.Release|Any CPU.Build.0 = Release|Any CPU
		{2ECAE046-7DF5-4C3A-8FE7-B1D0E01739CB}.Release|x64.ActiveCfg = Release|Any CPU
		{2ECAE046-7DF5-4C3A-8FE7-B1D0E01739CB}.Release|x64.Build.0 = Release|Any CPU
		{2ECAE046-7DF5-4C3A-8FE7-B1D0E01739CB}.Release|x86.ActiveCfg = Release|Any CPU
		{2ECAE046-7DF5-4C3A-8FE7-B1D0E01739CB}.Release|x86.Build.0 = Release|Any CPU
		{FA43F36E-FBFA-4C65-8876-6EF3160B8A74}.Debug|Any CPU.ActiveCfg = Debug|Any CPU
		{FA43F36E-FBFA-4C65-8876-6EF3160B8A74}.Debug|Any CPU.Build.0 = Debug|Any CPU
		{FA43F36E-FBFA-4C65-8876-6EF3160B8A74}.Debug|x64.ActiveCfg = Debug|Any CPU
		{FA43F36E-FBFA-4C65-8876-6EF3160B8A74}.Debug|x64.Build.0 = Debug|Any CPU
		{FA43F36E-FBFA-4C65-8876-6EF3160B8A74}.Debug|x86.ActiveCfg = Debug|Any CPU
		{FA43F36E-FBFA-4C65-8876-6EF3160B8A74}.Debug|x86.Build.0 = Debug|Any CPU
		{FA43F36E-FBFA-4C65-8876-6EF3160B8A74}.Release|Any CPU.ActiveCfg = Release|Any CPU
		{FA43F36E-FBFA-4C65-8876-6EF3160B8A74}.Release|Any CPU.Build.0 = Release|Any CPU
		{FA43F36E-FBFA-4C65-8876-6EF3160B8A74}.Release|x64.ActiveCfg = Release|Any CPU
		{FA43F36E-FBFA-4C65-8876-6EF3160B8A74}.Release|x64.Build.0 = Release|Any CPU
		{FA43F36E-FBFA-4C65-8876-6EF3160B8A74}.Release|x86.ActiveCfg = Release|Any CPU
		{FA43F36E-FBFA-4C65-8876-6EF3160B8A74}.Release|x86.Build.0 = Release|Any CPU
		{A9DBD999-6187-4E2A-BE93-B0B0E25C24B6}.Debug|Any CPU.ActiveCfg = Debug|Any CPU
		{A9DBD999-6187-4E2A-BE93-B0B0E25C24B6}.Debug|Any CPU.Build.0 = Debug|Any CPU
		{A9DBD999-6187-4E2A-BE93-B0B0E25C24B6}.Debug|x64.ActiveCfg = Debug|Any CPU
		{A9DBD999-6187-4E2A-BE93-B0B0E25C24B6}.Debug|x64.Build.0 = Debug|Any CPU
		{A9DBD999-6187-4E2A-BE93-B0B0E25C24B6}.Debug|x86.ActiveCfg = Debug|Any CPU
		{A9DBD999-6187-4E2A-BE93-B0B0E25C24B6}.Debug|x86.Build.0 = Debug|Any CPU
		{A9DBD999-6187-4E2A-BE93-B0B0E25C24B6}.Release|Any CPU.ActiveCfg = Release|Any CPU
		{A9DBD999-6187-4E2A-BE93-B0B0E25C24B6}.Release|Any CPU.Build.0 = Release|Any CPU
		{A9DBD999-6187-4E2A-BE93-B0B0E25C24B6}.Release|x64.ActiveCfg = Release|Any CPU
		{A9DBD999-6187-4E2A-BE93-B0B0E25C24B6}.Release|x64.Build.0 = Release|Any CPU
		{A9DBD999-6187-4E2A-BE93-B0B0E25C24B6}.Release|x86.ActiveCfg = Release|Any CPU
		{A9DBD999-6187-4E2A-BE93-B0B0E25C24B6}.Release|x86.Build.0 = Release|Any CPU
		{14E9B2E9-89A5-423A-81DD-30DD046BFE2A}.Debug|Any CPU.ActiveCfg = Debug|Any CPU
		{14E9B2E9-89A5-423A-81DD-30DD046BFE2A}.Debug|Any CPU.Build.0 = Debug|Any CPU
		{14E9B2E9-89A5-423A-81DD-30DD046BFE2A}.Debug|x64.ActiveCfg = Debug|Any CPU
		{14E9B2E9-89A5-423A-81DD-30DD046BFE2A}.Debug|x64.Build.0 = Debug|Any CPU
		{14E9B2E9-89A5-423A-81DD-30DD046BFE2A}.Debug|x86.ActiveCfg = Debug|Any CPU
		{14E9B2E9-89A5-423A-81DD-30DD046BFE2A}.Debug|x86.Build.0 = Debug|Any CPU
		{14E9B2E9-89A5-423A-81DD-30DD046BFE2A}.Release|Any CPU.ActiveCfg = Release|Any CPU
		{14E9B2E9-89A5-423A-81DD-30DD046BFE2A}.Release|Any CPU.Build.0 = Release|Any CPU
		{14E9B2E9-89A5-423A-81DD-30DD046BFE2A}.Release|x64.ActiveCfg = Release|Any CPU
		{14E9B2E9-89A5-423A-81DD-30DD046BFE2A}.Release|x64.Build.0 = Release|Any CPU
		{14E9B2E9-89A5-423A-81DD-30DD046BFE2A}.Release|x86.ActiveCfg = Release|Any CPU
		{14E9B2E9-89A5-423A-81DD-30DD046BFE2A}.Release|x86.Build.0 = Release|Any CPU
		{FBB34A01-1DC9-4F9F-BBE6-BF69DFB13EA3}.Debug|Any CPU.ActiveCfg = Debug|Any CPU
		{FBB34A01-1DC9-4F9F-BBE6-BF69DFB13EA3}.Debug|Any CPU.Build.0 = Debug|Any CPU
		{FBB34A01-1DC9-4F9F-BBE6-BF69DFB13EA3}.Debug|x64.ActiveCfg = Debug|Any CPU
		{FBB34A01-1DC9-4F9F-BBE6-BF69DFB13EA3}.Debug|x64.Build.0 = Debug|Any CPU
		{FBB34A01-1DC9-4F9F-BBE6-BF69DFB13EA3}.Debug|x86.ActiveCfg = Debug|Any CPU
		{FBB34A01-1DC9-4F9F-BBE6-BF69DFB13EA3}.Debug|x86.Build.0 = Debug|Any CPU
		{FBB34A01-1DC9-4F9F-BBE6-BF69DFB13EA3}.Release|Any CPU.ActiveCfg = Release|Any CPU
		{FBB34A01-1DC9-4F9F-BBE6-BF69DFB13EA3}.Release|Any CPU.Build.0 = Release|Any CPU
		{FBB34A01-1DC9-4F9F-BBE6-BF69DFB13EA3}.Release|x64.ActiveCfg = Release|Any CPU
		{FBB34A01-1DC9-4F9F-BBE6-BF69DFB13EA3}.Release|x64.Build.0 = Release|Any CPU
		{FBB34A01-1DC9-4F9F-BBE6-BF69DFB13EA3}.Release|x86.ActiveCfg = Release|Any CPU
		{FBB34A01-1DC9-4F9F-BBE6-BF69DFB13EA3}.Release|x86.Build.0 = Release|Any CPU
		{B91DE4BE-D7F3-437B-980C-12C9F5026E0C}.Debug|Any CPU.ActiveCfg = Debug|Any CPU
		{B91DE4BE-D7F3-437B-980C-12C9F5026E0C}.Debug|Any CPU.Build.0 = Debug|Any CPU
		{B91DE4BE-D7F3-437B-980C-12C9F5026E0C}.Debug|x64.ActiveCfg = Debug|Any CPU
		{B91DE4BE-D7F3-437B-980C-12C9F5026E0C}.Debug|x64.Build.0 = Debug|Any CPU
		{B91DE4BE-D7F3-437B-980C-12C9F5026E0C}.Debug|x86.ActiveCfg = Debug|Any CPU
		{B91DE4BE-D7F3-437B-980C-12C9F5026E0C}.Debug|x86.Build.0 = Debug|Any CPU
		{B91DE4BE-D7F3-437B-980C-12C9F5026E0C}.Release|Any CPU.ActiveCfg = Release|Any CPU
		{B91DE4BE-D7F3-437B-980C-12C9F5026E0C}.Release|Any CPU.Build.0 = Release|Any CPU
		{B91DE4BE-D7F3-437B-980C-12C9F5026E0C}.Release|x64.ActiveCfg = Release|Any CPU
		{B91DE4BE-D7F3-437B-980C-12C9F5026E0C}.Release|x64.Build.0 = Release|Any CPU
		{B91DE4BE-D7F3-437B-980C-12C9F5026E0C}.Release|x86.ActiveCfg = Release|Any CPU
		{B91DE4BE-D7F3-437B-980C-12C9F5026E0C}.Release|x86.Build.0 = Release|Any CPU
		{28BE64FD-A870-464A-B27B-142B54EB860A}.Debug|Any CPU.ActiveCfg = Debug|Any CPU
		{28BE64FD-A870-464A-B27B-142B54EB860A}.Debug|Any CPU.Build.0 = Debug|Any CPU
		{28BE64FD-A870-464A-B27B-142B54EB860A}.Debug|x64.ActiveCfg = Debug|Any CPU
		{28BE64FD-A870-464A-B27B-142B54EB860A}.Debug|x64.Build.0 = Debug|Any CPU
		{28BE64FD-A870-464A-B27B-142B54EB860A}.Debug|x86.ActiveCfg = Debug|Any CPU
		{28BE64FD-A870-464A-B27B-142B54EB860A}.Debug|x86.Build.0 = Debug|Any CPU
		{28BE64FD-A870-464A-B27B-142B54EB860A}.Release|Any CPU.ActiveCfg = Release|Any CPU
		{28BE64FD-A870-464A-B27B-142B54EB860A}.Release|Any CPU.Build.0 = Release|Any CPU
		{28BE64FD-A870-464A-B27B-142B54EB860A}.Release|x64.ActiveCfg = Release|Any CPU
		{28BE64FD-A870-464A-B27B-142B54EB860A}.Release|x64.Build.0 = Release|Any CPU
		{28BE64FD-A870-464A-B27B-142B54EB860A}.Release|x86.ActiveCfg = Release|Any CPU
		{28BE64FD-A870-464A-B27B-142B54EB860A}.Release|x86.Build.0 = Release|Any CPU
		{4E3EF9C4-8F28-4746-9044-DE38D64A6FA2}.Debug|Any CPU.ActiveCfg = Debug|Any CPU
		{4E3EF9C4-8F28-4746-9044-DE38D64A6FA2}.Debug|Any CPU.Build.0 = Debug|Any CPU
		{4E3EF9C4-8F28-4746-9044-DE38D64A6FA2}.Debug|x64.ActiveCfg = Debug|Any CPU
		{4E3EF9C4-8F28-4746-9044-DE38D64A6FA2}.Debug|x64.Build.0 = Debug|Any CPU
		{4E3EF9C4-8F28-4746-9044-DE38D64A6FA2}.Debug|x86.ActiveCfg = Debug|Any CPU
		{4E3EF9C4-8F28-4746-9044-DE38D64A6FA2}.Debug|x86.Build.0 = Debug|Any CPU
		{4E3EF9C4-8F28-4746-9044-DE38D64A6FA2}.Release|Any CPU.ActiveCfg = Release|Any CPU
		{4E3EF9C4-8F28-4746-9044-DE38D64A6FA2}.Release|Any CPU.Build.0 = Release|Any CPU
		{4E3EF9C4-8F28-4746-9044-DE38D64A6FA2}.Release|x64.ActiveCfg = Release|Any CPU
		{4E3EF9C4-8F28-4746-9044-DE38D64A6FA2}.Release|x64.Build.0 = Release|Any CPU
		{4E3EF9C4-8F28-4746-9044-DE38D64A6FA2}.Release|x86.ActiveCfg = Release|Any CPU
		{4E3EF9C4-8F28-4746-9044-DE38D64A6FA2}.Release|x86.Build.0 = Release|Any CPU
		{DE8FECC9-3ED8-4468-B871-BF25E83B7618}.Debug|Any CPU.ActiveCfg = Debug|Any CPU
		{DE8FECC9-3ED8-4468-B871-BF25E83B7618}.Debug|Any CPU.Build.0 = Debug|Any CPU
		{DE8FECC9-3ED8-4468-B871-BF25E83B7618}.Debug|x64.ActiveCfg = Debug|Any CPU
		{DE8FECC9-3ED8-4468-B871-BF25E83B7618}.Debug|x64.Build.0 = Debug|Any CPU
		{DE8FECC9-3ED8-4468-B871-BF25E83B7618}.Debug|x86.ActiveCfg = Debug|Any CPU
		{DE8FECC9-3ED8-4468-B871-BF25E83B7618}.Debug|x86.Build.0 = Debug|Any CPU
		{DE8FECC9-3ED8-4468-B871-BF25E83B7618}.Release|Any CPU.ActiveCfg = Release|Any CPU
		{DE8FECC9-3ED8-4468-B871-BF25E83B7618}.Release|Any CPU.Build.0 = Release|Any CPU
		{DE8FECC9-3ED8-4468-B871-BF25E83B7618}.Release|x64.ActiveCfg = Release|Any CPU
		{DE8FECC9-3ED8-4468-B871-BF25E83B7618}.Release|x64.Build.0 = Release|Any CPU
		{DE8FECC9-3ED8-4468-B871-BF25E83B7618}.Release|x86.ActiveCfg = Release|Any CPU
		{DE8FECC9-3ED8-4468-B871-BF25E83B7618}.Release|x86.Build.0 = Release|Any CPU
		{67228378-DD9C-4946-972C-8B96E7EAF258}.Debug|Any CPU.ActiveCfg = Debug|Any CPU
		{67228378-DD9C-4946-972C-8B96E7EAF258}.Debug|Any CPU.Build.0 = Debug|Any CPU
		{67228378-DD9C-4946-972C-8B96E7EAF258}.Debug|x64.ActiveCfg = Debug|Any CPU
		{67228378-DD9C-4946-972C-8B96E7EAF258}.Debug|x64.Build.0 = Debug|Any CPU
		{67228378-DD9C-4946-972C-8B96E7EAF258}.Debug|x86.ActiveCfg = Debug|Any CPU
		{67228378-DD9C-4946-972C-8B96E7EAF258}.Debug|x86.Build.0 = Debug|Any CPU
		{67228378-DD9C-4946-972C-8B96E7EAF258}.Release|Any CPU.ActiveCfg = Release|Any CPU
		{67228378-DD9C-4946-972C-8B96E7EAF258}.Release|Any CPU.Build.0 = Release|Any CPU
		{67228378-DD9C-4946-972C-8B96E7EAF258}.Release|x64.ActiveCfg = Release|Any CPU
		{67228378-DD9C-4946-972C-8B96E7EAF258}.Release|x64.Build.0 = Release|Any CPU
		{67228378-DD9C-4946-972C-8B96E7EAF258}.Release|x86.ActiveCfg = Release|Any CPU
		{67228378-DD9C-4946-972C-8B96E7EAF258}.Release|x86.Build.0 = Release|Any CPU
	EndGlobalSection
	GlobalSection(SolutionProperties) = preSolution
		HideSolutionNode = FALSE
	EndGlobalSection
	GlobalSection(NestedProjects) = preSolution
		{603DB080-B2F3-179A-9D8D-4EAC9A4BF7F9} = {827E0CD3-B72D-47B6-A68D-7590B98EB39B}
		{0C0B8219-A426-4735-9A17-5B57A20B1605} = {603DB080-B2F3-179A-9D8D-4EAC9A4BF7F9}
		{9CBA830D-B4CD-1920-FCFC-987D33BFAE30} = {827E0CD3-B72D-47B6-A68D-7590B98EB39B}
		{2ECAE046-7DF5-4C3A-8FE7-B1D0E01739CB} = {9CBA830D-B4CD-1920-FCFC-987D33BFAE30}
		{F8D0DC9F-10E3-AF4F-AACB-95D6F5E207A8} = {827E0CD3-B72D-47B6-A68D-7590B98EB39B}
		{FA43F36E-FBFA-4C65-8876-6EF3160B8A74} = {F8D0DC9F-10E3-AF4F-AACB-95D6F5E207A8}
		{CC006198-2291-814D-1EF7-86C455B4259B} = {827E0CD3-B72D-47B6-A68D-7590B98EB39B}
		{A9DBD999-6187-4E2A-BE93-B0B0E25C24B6} = {CC006198-2291-814D-1EF7-86C455B4259B}
		{14E9B2E9-89A5-423A-81DD-30DD046BFE2A} = {0AB3BF05-4346-4AA6-1389-037BE0695223}
		{598DF63A-868C-BD9B-C772-820E05499F40} = {827E0CD3-B72D-47B6-A68D-7590B98EB39B}
		{FBB34A01-1DC9-4F9F-BBE6-BF69DFB13EA3} = {598DF63A-868C-BD9B-C772-820E05499F40}
		{B91DE4BE-D7F3-437B-980C-12C9F5026E0C} = {598DF63A-868C-BD9B-C772-820E05499F40}
		{28BE64FD-A870-464A-B27B-142B54EB860A} = {598DF63A-868C-BD9B-C772-820E05499F40}
		{4E3EF9C4-8F28-4746-9044-DE38D64A6FA2} = {0AB3BF05-4346-4AA6-1389-037BE0695223}
		{DE8FECC9-3ED8-4468-B871-BF25E83B7618} = {603DB080-B2F3-179A-9D8D-4EAC9A4BF7F9}
		{67228378-DD9C-4946-972C-8B96E7EAF258} = {0AB3BF05-4346-4AA6-1389-037BE0695223}
	EndGlobalSection
EndGlobal
